
Microsoft Visual Studio Solution File, Format Version 11.00
# Visual Studio 2010
Project("{FAE04EC0-301F-11D3-BF4B-00C04F79EFBC}") = "Demo 7", "Demo 7\Demo 7.csproj", "{A918A573-F016-4AFC-901C-7B6EAFF7D72A}"
EndProject
Global
	GlobalSection(SolutionConfigurationPlatforms) = preSolution
		Debug|x86 = Debug|x86
		Release|x86 = Release|x86
	EndGlobalSection
	GlobalSection(ProjectConfigurationPlatforms) = postSolution
		{A918A573-F016-4AFC-901C-7B6EAFF7D72A}.Debug|x86.ActiveCfg = Debug|x86
		{A918A573-F016-4AFC-901C-7B6EAFF7D72A}.Debug|x86.Build.0 = Debug|x86
		{A918A573-F016-4AFC-901C-7B6EAFF7D72A}.Release|x86.ActiveCfg = Release|x86
		{A918A573-F016-4AFC-901C-7B6EAFF7D72A}.Release|x86.Build.0 = Release|x86
	EndGlobalSection
	GlobalSection(SolutionProperties) = preSolution
		HideSolutionNode = FALSE
	EndGlobalSection
EndGlobal
