
Microsoft Visual Studio Solution File, Format Version 11.00
# Visual Studio 2010
Project("{FAE04EC0-301F-11D3-BF4B-00C04F79EFBC}") = "Demo_9", "Demo_9\Demo_9.csproj", "{CDBE8A75-640F-4F4A-A64F-20DE5016F946}"
EndProject
Global
	GlobalSection(SolutionConfigurationPlatforms) = preSolution
		Debug|x86 = Debug|x86
		Release|x86 = Release|x86
	EndGlobalSection
	GlobalSection(ProjectConfigurationPlatforms) = postSolution
		{CDBE8A75-640F-4F4A-A64F-20DE5016F946}.Debug|x86.ActiveCfg = Debug|x86
		{CDBE8A75-640F-4F4A-A64F-20DE5016F946}.Debug|x86.Build.0 = Debug|x86
		{CDBE8A75-640F-4F4A-A64F-20DE5016F946}.Release|x86.ActiveCfg = Release|x86
		{CDBE8A75-640F-4F4A-A64F-20DE5016F946}.Release|x86.Build.0 = Release|x86
	EndGlobalSection
	GlobalSection(MonoDevelopProperties) = preSolution
		StartupItem = Demo_9\Demo_9.csproj
	EndGlobalSection
EndGlobal
